<?xml version="1.0" encoding="UTF-8" standalone="yes" ?>
<CodeBlocks_project_file>
	<FileVersion major="1" minor="6" />
	<Project>
		<Option title="TestingBox2d" />
		<Option pch_mode="2" />
		<Option compiler="gcc" />
		<Build>
			<Target title="Debug">
				<Option output="bin/Debug/TestingBox2d" prefix_auto="1" extension_auto="1" />
				<Option object_output="obj/Debug/" />
				<Option type="1" />
				<Option compiler="gcc" />
				<Compiler>
					<Add option="-g" />
					<Add directory="include" />
				</Compiler>
				<Linker>
					<Add library="sfml-graphics" />
					<Add library="sfml-window" />
					<Add library="sfml-system" />
				</Linker>
			</Target>
			<Target title="Release">
				<Option output="bin/Release/TestingBox2d" prefix_auto="1" extension_auto="1" />
				<Option object_output="obj/Release/" />
				<Option type="0" />
				<Option compiler="gcc" />
				<Compiler>
					<Add option="-O2" />
					<Add directory="include" />
				</Compiler>
				<Linker>
					<Add option="-s" />
					<Add library="sfml-graphics" />
					<Add library="sfml-window" />
					<Add library="sfml-system" />
				</Linker>
			</Target>
		</Build>
		<Compiler>
			<Add option="-Wall" />
		</Compiler>
		<Unit filename="cb.bmp" />
		<Unit filename="img/arm.png" />
		<Unit filename="img/ball.png" />
		<Unit filename="img/barrel.png" />
		<Unit filename="img/body.png" />
		<Unit filename="img/footL.png" />
		<Unit filename="img/footR.png" />
		<Unit filename="img/forearm.png" />
		<Unit filename="img/head.png" />
		<Unit filename="img/leg.png" />
		<Unit filename="include/Arm.h" />
		<Unit filename="include/Barrel.h" />
		<Unit filename="include/Body.h" />
		<Unit filename="include/Foot.h" />
		<Unit filename="include/Forearm.h" />
		<Unit filename="include/Game.h" />
		<Unit filename="include/Head.h" />
		<Unit filename="include/Leg.h" />
		<Unit filename="include/PartOfBody.h" />
		<Unit filename="include/Ragdoll.h" />
		<Unit filename="include/includes.h" />
		<Unit filename="libs/SFMLRenderer.cpp" />
		<Unit filename="libs/SFMLRenderer.h" />
		<Unit filename="main.cpp" />
		<Unit filename="src/Arm.cpp" />
		<Unit filename="src/Barrel.cpp" />
		<Unit filename="src/Body.cpp" />
		<Unit filename="src/Foot.cpp" />
		<Unit filename="src/Forearm.cpp" />
		<Unit filename="src/Game.cpp" />
		<Unit filename="src/Head.cpp" />
		<Unit filename="src/Leg.cpp" />
		<Unit filename="src/PartOfBody.cpp" />
		<Unit filename="src/Ragdoll.cpp" />
		<Unit filename="src/includes.cpp" />
		<Extensions>
			<code_completion />
			<debugger />
		</Extensions>
	</Project>
</CodeBlocks_project_file>
